# This file may be used to create an environment using:
# $ conda create --name <env> --file <this file>
# platform: win-64
@EXPLICIT
https://conda.anaconda.org/conda-forge/win-64/ucrt-10.0.26100.0-h57928b3_0.conda#71b24316859acd00bdb8b38f5e2ce328
https://conda.anaconda.org/conda-forge/win-64/vcomp14-14.51.36247-habf1de7_41.conda#350bb67a5c8e5f1c53347ac544ab6600
https://conda.anaconda.org/conda-forge/win-64/vc14_runtime-14.51.36247-habf1de7_41.conda#ac5333bb3d429361f23adf704cc49a78
https://conda.anaconda.org/conda-forge/win-64/vc-14.5-ha367084_41.conda#aa805b5522c2a98fa286e551a1f48546
https://conda.anaconda.org/conda-forge/win-64/bzip2-1.0.8-h0ad9c76_10.conda#c3301c058362f340100d91cd8be0393f
https://conda.anaconda.org/conda-forge/win-64/libexpat-2.8.5-hac47afa_0.conda#4969128c45f9e71adbb6a1696679ce7f
https://conda.anaconda.org/conda-forge/win-64/libffi-3.7.0-h3d046cb_1.conda#ceb38b0ba900847d8da4289c3c8e5708
https://conda.anaconda.org/conda-forge/win-64/liblzma-5.8.3-hfd05255_1.conda#880a0c8549479b198af21ba5dc49b109
https://conda.anaconda.org/conda-forge/win-64/libpython-3.12.15-hcc31f7b_1_cpython.conda#f11f02df0cb0f6107d473e5c24b87c8c
https://conda.anaconda.org/conda-forge/win-64/libsqlite-3.54.0-hf5d6505_101.conda#d21c450f59e7c9d130ddd68cdbd6ac40
https://conda.anaconda.org/conda-forge/win-64/libzlib-1.3.2-hfd05255_3.conda#5d2ff29d465097458cc3ff6569151991
https://conda.anaconda.org/conda-forge/noarch/ca-certificates-2026.7.22-h4c7d964_0.conda#e27d2ac27b096dc51fedfcf775a53f9b
https://conda.anaconda.org/conda-forge/win-64/openssl-3.6.5-hf411b9b_0.conda#f002ec2237836867bfd3d1299a6005da
https://conda.anaconda.org/conda-forge/win-64/tk-8.6.13-h967ab96_4.conda#dd9eb33c99d352b6356f86964d6040f7
https://conda.anaconda.org/conda-forge/noarch/tzdata-2026c-h151e31d_0.conda#fcb489df604d100968b737f2cb6076c6
https://conda.anaconda.org/conda-forge/win-64/python-3.12.15-hb12b558_1_cpython.conda#530d628317d19ed463c98eb5ba73a5da
https://conda.anaconda.org/conda-forge/noarch/python_abi-3.12-9_cp312.conda#4c32076993e6270825441d059ab5c18b
https://conda.anaconda.org/conda-forge/noarch/cpython-3.12.15-py312hd8ed1ab_1.conda#ffbe1672425828910121d8af18a275fa
https://conda.anaconda.org/conda-forge/noarch/python-gil-3.12.15-hd8ed1ab_1.conda#073e83d8c87033bd5abc27d5cf192fe6
https://conda.anaconda.org/conda-forge/noarch/_python_abi3_support-1.0-hd8ed1ab_3.conda#3845f3d75991bae0fb90884662f4327c
https://conda.anaconda.org/conda-forge/win-64/zstd-1.5.7-h534d264_7.conda#e4ac308c39d6d0e131154976da67cf3b
https://conda.anaconda.org/conda-forge/win-64/backports.zstd-1.7.0-py312h06d0912_1.conda#fd4bf31a33cda994eea805305cf1ed97
https://conda.anaconda.org/conda-forge/win-64/llvm-openmp-23.1.3-h49e36cd_0.conda#2ff005dfc3e4738c7aa1691f3a99816e
https://conda.anaconda.org/conda-forge/win-64/libwinpthread-12.0.0.r4.gg4f2fc60ca-h57928b3_10.conda#8a86073cf3b343b87d03f41790d8b4e5
https://conda.anaconda.org/conda-forge/win-64/icu-78.3-h5112557_2.conda#e596942e8ee6ee17fdcf1e6a77757a66
https://conda.anaconda.org/conda-forge/win-64/libiconv-1.18-hc1393d2_3.conda#a8a2abdf0f901bc4779d9b7be0845921
https://conda.anaconda.org/conda-forge/win-64/libxml2-16-2.15.4-h3cfd58e_1.conda#69b4a6c50e1cb5865648e039da8e5c12
https://conda.anaconda.org/conda-forge/win-64/libxml2-2.15.4-he095d88_1.conda#babe0e64f176114f880f366eba9094af
https://conda.anaconda.org/conda-forge/win-64/libhwloc-2.15.0-default_hae90fe0_1001.conda#b679b0f76b152d40294fa4e43cabfd4a
https://conda.anaconda.org/conda-forge/win-64/tbb-2023.1.0-h272cf33_2.conda#83371bd3f796b3c2d3f0436692d3ea73
https://conda.anaconda.org/conda-forge/win-64/mkl-2026.1.0-hac47afa_235.conda#ace316c48c178d7faa403dee51e30c7b
https://conda.anaconda.org/conda-forge/win-64/libblas-3.11.0-11_h8455456_mkl.conda#a63c8b08343d276a552c395f495987fa
https://conda.anaconda.org/conda-forge/win-64/libcblas-3.11.0-11_h2a3cdd5_mkl.conda#c9f8a732af97d55997f9ac6d0c02e3f2
https://conda.anaconda.org/conda-forge/win-64/liblapack-3.11.0-11_hf9ab0e9_mkl.conda#79bdf20fd2666b8a3485a6021c935b3a
https://conda.anaconda.org/conda-forge/win-64/numpy-2.3.5-py312ha72d056_1.conda#7c5be40fd2acb37ca897f018f7c5f921
https://conda.anaconda.org/conda-forge/win-64/scipy-1.18.1-py312h8847828_1.conda#b617dec223af024a143fe34569ec7b1d
https://conda.anaconda.org/conda-forge/win-64/biotraj-1.2.2-py312ha1a9051_2.conda#9b87f1befd234b1314610f8423d2c526
https://conda.anaconda.org/conda-forge/win-64/msgpack-python-1.2.3-py312h78d62e6_0.conda#a5f34fe6ba995ceb0d3d45c878653287
https://conda.anaconda.org/conda-forge/noarch/networkx-3.7-pyhc364b38_0.conda#ddc679d85e7c9c3738efd303b6580c69
https://conda.anaconda.org/conda-forge/noarch/certifi-2026.7.22-pyhd8ed1ab_0.conda#37e13edbe3b48f1095a9d085ef9cd83b
https://conda.anaconda.org/conda-forge/win-64/charset-normalizer-3.5.2-h308a848_0.conda#9435e7be4c7a58a0baa36d1a96e4eea0
https://conda.anaconda.org/conda-forge/noarch/idna-3.20-pyh5ded981_0.conda#ee73be987f9de9ea5c2fdaeefa7b6491
https://conda.anaconda.org/conda-forge/win-64/brotli-python-1.2.0-py312ha763cb9_4.conda#fd844f78ba9802979d0e6d856d7bcac3
https://conda.anaconda.org/conda-forge/noarch/hpack-4.2.0-pyhd8ed1ab_0.conda#b395909221b9bd1df066e5930e18855b
https://conda.anaconda.org/conda-forge/noarch/hyperframe-6.1.0-pyhd8ed1ab_0.conda#8e6923fc12f1fe8f8c4e5c9f343256ac
https://conda.anaconda.org/conda-forge/noarch/h2-4.4.1-pyhcf101f3_0.conda#e652ac7756069c456d0da2a922cd7df5
https://conda.anaconda.org/conda-forge/noarch/win_inet_pton-1.1.0-pyh7428d3b_8.conda#46e441ba871f524e2b067929da3051c2
https://conda.anaconda.org/conda-forge/noarch/pysocks-1.7.1-pyh09c184e_7.conda#e2fd202833c4a981ce8a65974fe4abd1
https://conda.anaconda.org/conda-forge/noarch/urllib3-2.8.0-pyhd8ed1ab_0.conda#407a3d3778570bae8e8fcf554e803e43
https://conda.anaconda.org/conda-forge/noarch/requests-2.34.2-pyhcf101f3_0.conda#4a85203c1d80c1059086ae860836ffb9
https://conda.anaconda.org/conda-forge/win-64/biotite-1.7.1-py312h6d2f47b_0.conda#fae7cf25247c11a293fccabb2d26367f
https://conda.anaconda.org/conda-forge/win-64/libbrotlicommon-1.2.0-hf02afa3_4.conda#35d7e4a581c8364e8c675f6b95d183d0
https://conda.anaconda.org/conda-forge/win-64/libbrotlidec-1.2.0-h84f9c24_4.conda#1b4637ca71b21c0d31ab28c3c0b34c8e
https://conda.anaconda.org/conda-forge/win-64/libbrotlienc-1.2.0-he2a975b_4.conda#562b5e39b7797423e7fd04bae1c6ad70
https://conda.anaconda.org/conda-forge/win-64/brotli-bin-1.2.0-hd477307_4.conda#5353bd43aaade891fc9b614c5d537ce3
https://conda.anaconda.org/conda-forge/win-64/brotli-1.2.0-hc8c2fe1_4.conda#bdbb2939efe8af10e7c5885367395710
https://conda.anaconda.org/conda-forge/win-64/libpng-1.6.59-hdc8cecf_0.conda#05145e03eb7b7f4ad2e0575454061c87
https://conda.anaconda.org/conda-forge/win-64/libfreetype6-2.14.3-hdbac1cb_2.conda#8157483eb7ed3fcba71aad3b50a97131
https://conda.anaconda.org/conda-forge/win-64/libfreetype-2.14.3-h57928b3_2.conda#740f99c3c91079c03874b809fedace1b
https://conda.anaconda.org/conda-forge/win-64/libintl-0.22.5-h5728263_4.conda#36d6e0045173974521fabd42bd5033d6
https://conda.anaconda.org/conda-forge/win-64/fontconfig-2.18.3-hd47e2ca_1.conda#ed95670fed91b091fe34ba6cae6677d7
https://conda.anaconda.org/conda-forge/noarch/font-ttf-dejavu-sans-mono-2.37-hab24e00_0.tar.bz2#0c96522c6bdaed4b1566d11387caaf45
https://conda.anaconda.org/conda-forge/noarch/font-ttf-inconsolata-3.000-h77eed37_0.tar.bz2#34893075a5c9e55cdafac56607368fc6
https://conda.anaconda.org/conda-forge/noarch/font-ttf-source-code-pro-2.038-h77eed37_0.tar.bz2#4d59c254e01d9cde7957100457e2d5fb
https://conda.anaconda.org/conda-forge/noarch/font-ttf-ubuntu-0.83-h77eed37_3.conda#49023d73832ef61042f6a237cb2687e7
https://conda.anaconda.org/conda-forge/noarch/fonts-conda-forge-1-hc364b38_1.conda#a7970cd949a077b7cb9696379d338681
https://conda.anaconda.org/conda-forge/noarch/fonts-conda-ecosystem-1-0.tar.bz2#fee5683a3f04bd15cbd8318b096a27ab
https://conda.anaconda.org/conda-forge/win-64/pcre2-10.47-h8466c1e_1.conda#009af999dbe2d1db36a37187a4ca4eb4
https://conda.anaconda.org/conda-forge/win-64/libglib-2.90.1-ha564072_0.conda#927a4c5666511ef59ebcbb1bab303ee5
https://conda.anaconda.org/conda-forge/win-64/pixman-0.46.4-h5112557_3.conda#27c5be39d9e4d25fe85b89a069360d1e
https://conda.anaconda.org/conda-forge/win-64/cairo-1.18.6-h477c42c_0.conda#f87fcbccd5ad4cbbf0c4b1c030f9cfc2
https://conda.anaconda.org/conda-forge/win-64/contourpy-1.4.0-py312h78d62e6_1.conda#fa5b76e5fabf5cf5ac3660bd33c659d0
https://conda.anaconda.org/conda-forge/noarch/cycler-0.12.1-pyhcf101f3_2.conda#4c2a8fef270f6c69591889b93f9f55c1
https://conda.anaconda.org/conda-forge/win-64/libboost-1.90.0-h9dfe17d_3.conda#15620ea8e1fa6d5eb275ee8665f88b32
https://conda.anaconda.org/conda-forge/win-64/libboost-python-1.90.0-py312h9b46583_3.conda#59e72d30e4e7b190ac4c52e0239fdaf7
https://conda.anaconda.org/conda-forge/win-64/dssp-4.6.1-np2py312he487ba3_3.conda#5c085bd7f5e35fefdb0faf3a4f6f433f
https://conda.anaconda.org/conda-forge/win-64/eigen-abi-5.0.1.100-hc11354d_3.conda#2ecbe0a499723117041a9a0497cf7776
https://conda.anaconda.org/conda-forge/noarch/munkres-1.1.4-pyhd8ed1ab_1.conda#37293a85a0f4f77bbd9cf7aaefc62609
https://conda.anaconda.org/conda-forge/win-64/unicodedata2-18.0.0-py312he06e257_0.conda#99623d0df152a82f2ef345e8add291e1
https://conda.anaconda.org/conda-forge/win-64/fonttools-4.66.1-py312h05f76fc_0.conda#a3c9c5a7088e090eb4aeec5a457944e5
https://conda.anaconda.org/conda-forge/win-64/zlib-1.3.2-hfd05255_3.conda#945092a9bc1d0f250f7d5ecf51ecd471
https://conda.anaconda.org/conda-forge/win-64/freetype-2.14.3-h57928b3_2.conda#6fc6c09c05a099d58efd9b2e96598e41
https://conda.anaconda.org/conda-forge/noarch/freetype-py-2.3.0-pyhd8ed1ab_0.tar.bz2#e4a165cdbbaed5bbb6e653b823156151
https://conda.anaconda.org/conda-forge/win-64/fribidi-1.0.17-hfd05255_0.conda#fbe8e77a49028820f94cf619890c2365
https://conda.anaconda.org/conda-forge/win-64/zlib-ng-2.3.3-h0261ad2_1.conda#46a21c0a4e65f1a135251fc7c8663f83
https://conda.anaconda.org/conda-forge/win-64/gemmi-0.7.5-py312h1245fd9_0.conda#bbc1cf1f218a8c3c0c373d262bddb9b5
https://conda.anaconda.org/conda-forge/win-64/graphite2-1.3.15-h5112557_1.conda#79538e7a7bc024084eda5989f73fde35
https://conda.anaconda.org/conda-forge/win-64/kiwisolver-1.5.1-py312h78d62e6_3.conda#b400442c59cd935bf39778129e13f549
https://conda.anaconda.org/conda-forge/win-64/krb5-1.22.2-h719d79b_2.conda#93f5a01dec294a2228f757fe2f3432d4
https://conda.anaconda.org/conda-forge/win-64/libjpeg-turbo-3.2.0-hfd05255_1.conda#fc2c23bacefd1e733f1e1d6cd3b2aaeb
https://conda.anaconda.org/conda-forge/win-64/lerc-4.2.0-hd936e49_0.conda#add59e2b60ac9d4299d17c938185c75a
https://conda.anaconda.org/conda-forge/win-64/libdeflate-1.25-h1a1d4e4_1.conda#e4e122e124676a49eebf241399ad8393
https://conda.anaconda.org/conda-forge/win-64/libtiff-4.7.2-h8f73337_1.conda#970dbe48f843e7fbd179a9b6c22f865a
https://conda.anaconda.org/conda-forge/win-64/lcms2-2.19.1-hf2c6c5f_3.conda#a817b8a8f09864652c8700bd1893fe81
https://conda.anaconda.org/conda-forge/win-64/libharfbuzz-14.6.0-h03b5201_1.conda#4572ed18126f19f703bbc6b8d7cd8b72
https://conda.anaconda.org/conda-forge/win-64/libpq-18.6-h848f0c4_3.conda#328c707064ef8a3331c1fa79c8cc992d
https://conda.anaconda.org/conda-forge/win-64/libraqm-0.11.0-h50d6d30_0.conda#df92be5685f712989830bdb7ee39383a
https://conda.anaconda.org/conda-forge/win-64/librdkit-2026.03.3-h1c662ab_0.conda#84cb30241894120899f7450d86e4a42d
https://conda.anaconda.org/conda-forge/win-64/libwebp-base-1.6.0-h4d5522a_1.conda#35a9475e4cc999d52921f57c181979fc
https://conda.anaconda.org/conda-forge/noarch/packaging-26.3-pyhc364b38_0.conda#936687ed80f295a1f5dbcf8bd34c252c
https://conda.anaconda.org/conda-forge/win-64/openjpeg-2.5.4-h90fa87c_2.conda#d9b2cb1079cf59651722c09aa3a9f840
https://conda.anaconda.org/conda-forge/win-64/pillow-12.3.0-py312h7bb5964_4.conda#7088244066ff5fbc9b786805a4d918cf
https://conda.anaconda.org/conda-forge/noarch/pyparsing-3.3.3-pyh5ded981_0.conda#8bf43ae1312e9b966063459e04c20fa7
https://conda.anaconda.org/conda-forge/noarch/six-1.17.0-pyhe01879c_1.conda#3339e3b65d58accf4ca4fb8748ab16b3
https://conda.anaconda.org/conda-forge/noarch/python-dateutil-2.9.0.post0-pyhe01879c_2.conda#5b8d21249ff20967101ffa321cab24e8
https://conda.anaconda.org/conda-forge/win-64/qhull-2020.2-hc790b64_5.conda#854fbdff64b572b5c0b470f334d34c11
https://conda.anaconda.org/conda-forge/win-64/matplotlib-base-3.11.2-py312hf9659c1_1.conda#f199e184d70b2de6bc1ec1129da2690a
https://conda.anaconda.org/conda-forge/noarch/python-tzdata-2026.5-pyh5ded981_0.conda#4a0ae2a06b469e6f8ca95d0655e31c86
https://conda.anaconda.org/conda-forge/win-64/pandas-3.0.6-np2py312hea30aaf_0.conda#2a8f611de36a0fd112aa1c23a6240268
https://conda.anaconda.org/conda-forge/noarch/setuptools-84.0.0-pyh332efcf_0.conda#62ac906f1cd582c6c264c95625cb9d6f
https://conda.anaconda.org/conda-forge/noarch/wheel-0.48.0-pyhd8ed1ab_0.conda#9a2124517bfd5d792e0f7b86eefdfeb8
https://conda.anaconda.org/conda-forge/noarch/pip-26.2.1-pyh8b19718_0.conda#77b6cf3b0689d9fc68561df0db9b856d
https://conda.anaconda.org/conda-forge/win-64/pycairo-1.29.2-py312hc4123cb_0.conda#7cf30ee33bec129c8a277e824dd9d058
https://conda.anaconda.org/conda-forge/noarch/rlpycairo-0.4.0-pyh6c17108_0.conda#cc70086eaf08be7f62fd44842c013916
https://conda.anaconda.org/conda-forge/noarch/reportlab-5.0.1-pyhc364b38_0.conda#d4c140dbb45d81ff7cb48f1854d06c7f
https://conda.anaconda.org/conda-forge/noarch/typing_extensions-4.16.0-pyhcf101f3_0.conda#c70ad746c22219b9700931707482992c
https://conda.anaconda.org/conda-forge/win-64/sqlalchemy-2.1.4-py312he5662c2_0.conda#01a334790b1f8be2d16daf9c204a21fb
https://conda.anaconda.org/conda-forge/win-64/rdkit-2026.03.3-py312hc5f8896_0.conda#83e48e156d09b517ab5d71017f58ba15
